
Microsoft Visual Studio Solution File, Format Version 12.00
# Visual Studio Version 16
VisualStudioVersion = 16.0.31624.102
MinimumVisualStudioVersion = 10.0.40219.1
Project("{FAE04EC0-301F-11D3-BF4B-00C04F79EFBC}") = "ColorQuantizer", "ColorQuantizer\ColorQuantizer.csproj", "{27556507-161C-4E51-9324-BEDB6EC78FEB}"
EndProject
Project("{FAE04EC0-301F-11D3-BF4B-00C04F79EFBC}") = "ColorQuantizer.Tests", "ColorQuantizer.Tests\ColorQuantizer.Tests.csproj", "{6D3DF5AD-7CC9-4534-9D32-FD582EDB51F8}"
EndProject
Project("{FAE04EC0-301F-11D3-BF4B-00C04F79EFBC}") = "ColorQuantizer.Benchmarks", "ColorQuantizer.Benchmarks\ColorQuantizer.Benchmarks.csproj", "{1FB67919-31DD-4EED-8B7B-0F86834ECC50}"
EndProject
Global
	GlobalSection(SolutionConfigurationPlatforms) = preSolution
		Debug|Any CPU = Debug|Any CPU
		Release|Any CPU = Release|Any CPU
	EndGlobalSection
	GlobalSection(ProjectConfigurationPlatforms) = postSolution
		{27556507-161C-4E51-9324-BEDB6EC78FEB}.Debug|Any CPU.ActiveCfg = Debug|Any CPU
		{27556507-161C-4E51-9324-BEDB6EC78FEB}.Debug|Any CPU.Build.0 = Debug|Any CPU
		{27556507-161C-4E51-9324-BEDB6EC78FEB}.Release|Any CPU.ActiveCfg = Release|Any CPU
		{27556507-161C-4E51-9324-BEDB6EC78FEB}.Release|Any CPU.Build.0 = Release|Any CPU
		{6D3DF5AD-7CC9-4534-9D32-FD582EDB51F8}.Debug|Any CPU.ActiveCfg = Debug|Any CPU
		{6D3DF5AD-7CC9-4534-9D32-FD582EDB51F8}.Debug|Any CPU.Build.0 = Debug|Any CPU
		{6D3DF5AD-7CC9-4534-9D32-FD582EDB51F8}.Release|Any CPU.ActiveCfg = Release|Any CPU
		{6D3DF5AD-7CC9-4534-9D32-FD582EDB51F8}.Release|Any CPU.Build.0 = Release|Any CPU
		{1FB67919-31DD-4EED-8B7B-0F86834ECC50}.Debug|Any CPU.ActiveCfg = Debug|Any CPU
		{1FB67919-31DD-4EED-8B7B-0F86834ECC50}.Debug|Any CPU.Build.0 = Debug|Any CPU
		{1FB67919-31DD-4EED-8B7B-0F86834ECC50}.Release|Any CPU.ActiveCfg = Release|Any CPU
		{1FB67919-31DD-4EED-8B7B-0F86834ECC50}.Release|Any CPU.Build.0 = Release|Any CPU
	EndGlobalSection
	GlobalSection(SolutionProperties) = preSolution
		HideSolutionNode = FALSE
	EndGlobalSection
	GlobalSection(ExtensibilityGlobals) = postSolution
		SolutionGuid = {0DD6CD98-F3BA-4119-BDAC-0DFE647C5A09}
	EndGlobalSection
EndGlobal
